{
  "name": "@boclips-ui/button",
  "version": "3.1.2",
  "lockfileVersion": 1,
  "requires": true,
  "dependencies": {
    "@boclips-ui/styles": {
      "version": "4.0.1",
      "resolved": "https://registry.npmjs.org/@boclips-ui/styles/-/styles-4.0.1.tgz",
      "integrity": "sha512-yoT2Uxl+oKJsU4boCvGiRcXFrUbjWDIrFPiha2ipaXSg1BVSbrFywggl5eYwZk7yXUBi4dM0z7Oe46TrBy1Oyw=="
    },
    "@boclips-ui/ts-config": {
      "version": "1.0.15",
      "resolved": "https://registry.npmjs.org/@boclips-ui/ts-config/-/ts-config-1.0.15.tgz",
      "integrity": "sha512-Ua/InO3M/Vvc96XhydkSggKzfipdW3LbwWXDjdhuzB0YM/kTCQR+cXB7ZMwIVOgV/sk7wGmTtKtuOGUxKlhNLA==",
      "dev": true
    }
  }
}
