{
  "name": "@boclips-ui/button",
  "version": "4.0.6",
  "lockfileVersion": 1,
  "requires": true,
  "dependencies": {
    "@boclips-ui/ts-config": {
      "version": "1.0.15",
      "resolved": "https://registry.npmjs.org/@boclips-ui/ts-config/-/ts-config-1.0.15.tgz",
      "integrity": "sha512-Ua/InO3M/Vvc96XhydkSggKzfipdW3LbwWXDjdhuzB0YM/kTCQR+cXB7ZMwIVOgV/sk7wGmTtKtuOGUxKlhNLA==",
      "dev": true
    },
    "@boclips-ui/typography": {
      "version": "2.2.1",
      "resolved": "https://registry.npmjs.org/@boclips-ui/typography/-/typography-2.2.1.tgz",
      "integrity": "sha512-8KTZOGsJYIsxiPrIPibjMxiJYYVt4m+5k8Ra1OLJiroduOX5qkP/f/iNOR4ROjg//iHf6Yp6sK8A9etHUdn4wg=="
    }
  }
}
