{
  "name": "@boclips-ui/button",
  "version": "2.2.2",
  "lockfileVersion": 1,
  "requires": true,
  "dependencies": {
    "@boclips-ui/styles": {
      "version": "2.2.4",
      "dependencies": {
        "@boclips-ui/ts-config": {}
      }
    },
    "@boclips-ui/ts-config": {
      "version": "1.0.13",
      "dev": true
    }
  }
}
