{
	"name": "@boclips-ui/select",
	"version": "1.3.4",
	"lockfileVersion": 1,
	"requires": true,
	"dependencies": {
		"@boclips-ui/button": {
			"version": "2.1.6",
			"resolved": "https://registry.npmjs.org/@boclips-ui/button/-/button-2.1.6.tgz",
			"integrity": "sha512-F9acx6j/74l0xcMoOiKcZYs7HrNzYAoHymRQmyTNNEogY+E7lf0KBAODdnGvadfF+/x6HRicOB89Nbtz4XuHSw==",
			"requires": {
				"@boclips-ui/styles": "^2.2.4"
			}
		},
		"@boclips-ui/select-option": {
			"version": "1.0.14",
			"resolved": "https://registry.npmjs.org/@boclips-ui/select-option/-/select-option-1.0.14.tgz",
			"integrity": "sha512-MKnDYQU96NkNWCP8QLEKaTSmug/LJFQNmd0HPv2FPYR1PbICHjU3S/K5s4jhVsjY9Si6exVd/bfKpR466zoehg=="
		},
		"@boclips-ui/styles": {
			"version": "2.2.4",
			"resolved": "https://registry.npmjs.org/@boclips-ui/styles/-/styles-2.2.4.tgz",
			"integrity": "sha512-nQbERNklsyo8uTXsNPhrOog9fOsKcPYd0h4R//RIRF2AjMhMiz6YuzH3890/ZJf6NfLggzxrcOheWmGpXSXlDQ=="
		},
		"@boclips-ui/ts-config": {
			"version": "1.0.13",
			"resolved": "https://registry.npmjs.org/@boclips-ui/ts-config/-/ts-config-1.0.13.tgz",
			"integrity": "sha512-vP9RHFuZXslQEtRirjvODxVr2NexccT1hoXuDUUekX+eLJI/tqMn8IQpC/Gl790gUpEvyflO/cjYKdUxm4xG8w==",
			"dev": true
		}
	}
}
