{
	"name": "@boclips-ui/select",
	"version": "1.2.3",
	"lockfileVersion": 1,
	"requires": true,
	"dependencies": {
		"@boclips-ui/button": {
			"version": "2.0.7",
			"resolved": "https://registry.npmjs.org/@boclips-ui/button/-/button-2.0.7.tgz",
			"integrity": "sha512-g9lTT7IrmjzHkRXFshtjjiXrFwjiY4wD2roU3Pk8FnGrTeflzW8wCS3+Gcoc9iToMKzlISrueZGHLe1oRMZZSA==",
			"requires": {
				"@boclips-ui/styles": "^2.2.0"
			}
		},
		"@boclips-ui/select-option": {
			"version": "1.0.12",
			"resolved": "https://registry.npmjs.org/@boclips-ui/select-option/-/select-option-1.0.12.tgz",
			"integrity": "sha512-4h7dcBL5dX5Bs0jZvxVNBaJ0sBJ5yQdHPYgzUjqzI87I4KFTDx6Ejd+tJWC6jIaA/4nsswQADIp8CzJPXlqLCQ=="
		},
		"@boclips-ui/styles": {
			"version": "2.2.0",
			"resolved": "https://registry.npmjs.org/@boclips-ui/styles/-/styles-2.2.0.tgz",
			"integrity": "sha512-yGsTurzUUCRnRyQMgQ4C3/4sy+8deQnmw1tN312WMJ2R1wiJBfcK58XQbctXrC/1b/X+F8ad7y5WV1wowIZOMQ=="
		},
		"@boclips-ui/ts-config": {
			"version": "1.0.11",
			"resolved": "https://registry.npmjs.org/@boclips-ui/ts-config/-/ts-config-1.0.11.tgz",
			"integrity": "sha512-jGDsHGZqm5MFczapXVu711mmgDWetStqThQGD6iOJcNXeD+wjVsw7AAXCeKRoaszXLV6eJho/TlrynEbd5Nahw==",
			"dev": true
		}
	}
}
