{
	"name": "@boclips-ui/select",
	"version": "1.1.4",
	"lockfileVersion": 1,
	"requires": true,
	"dependencies": {
		"@boclips-ui/select-option": {
			"version": "1.0.12",
			"resolved": "https://registry.npmjs.org/@boclips-ui/select-option/-/select-option-1.0.12.tgz",
			"integrity": "sha512-4h7dcBL5dX5Bs0jZvxVNBaJ0sBJ5yQdHPYgzUjqzI87I4KFTDx6Ejd+tJWC6jIaA/4nsswQADIp8CzJPXlqLCQ=="
		},
		"@boclips-ui/ts-config": {
			"version": "1.0.11",
			"resolved": "https://registry.npmjs.org/@boclips-ui/ts-config/-/ts-config-1.0.11.tgz",
			"integrity": "sha512-jGDsHGZqm5MFczapXVu711mmgDWetStqThQGD6iOJcNXeD+wjVsw7AAXCeKRoaszXLV6eJho/TlrynEbd5Nahw==",
			"dev": true
		}
	}
}
