{
  "name": "@boclips-ui/date-select",
  "version": "1.2.0",
  "lockfileVersion": 1,
  "requires": true,
  "dependencies": {
    "@boclips-ui/styles": {
      "version": "2.2.6",
      "resolved": "https://registry.npmjs.org/@boclips-ui/styles/-/styles-2.2.6.tgz",
      "integrity": "sha512-gQknXQu4kLdE4A0AmNOp1PlVLEkii6tuspVyHb9fj1jNFDAggGbz+1LlZdv60P7bjvMOf9ZXKu+lTDh0ynGVlg=="
    },
    "@boclips-ui/ts-config": {
      "version": "1.0.13",
      "resolved": "https://registry.npmjs.org/@boclips-ui/ts-config/-/ts-config-1.0.13.tgz",
      "integrity": "sha512-vP9RHFuZXslQEtRirjvODxVr2NexccT1hoXuDUUekX+eLJI/tqMn8IQpC/Gl790gUpEvyflO/cjYKdUxm4xG8w==",
      "dev": true
    }
  }
}
