{
  "name": "@boclips-ui/date-select",
  "version": "2.0.0",
  "lockfileVersion": 1,
  "requires": true,
  "dependencies": {
    "@duetds/date-picker": {
      "version": "1.4.0",
      "resolved": "https://registry.npmjs.org/@duetds/date-picker/-/date-picker-1.4.0.tgz",
      "integrity": "sha512-jx4oSIrZAVsXYLyQGXbEmuo0gEXAqrNIGp3rG8L03XSxFFFca/bTpCj5v6yd48vVWOtAXD8y04S/+flOimra0A==",
      "requires": {
        "@stencil/core": "^2.3.0"
      }
    },
    "@stencil/core": {
      "version": "2.14.0",
      "resolved": "https://registry.npmjs.org/@stencil/core/-/core-2.14.0.tgz",
      "integrity": "sha512-tiGFK9VADoHJvAZoTHN/c6YBaTzB5+V3aTn7CzjPxIqryjh3jCUlMP4VDvzkrnVWjhj8Fa82zMWdePgr/xoyOw=="
    }
  }
}
