{
  "name": "@boclips-ui/dropdown",
  "version": "0.0.3",
  "lockfileVersion": 1,
  "requires": true,
  "dependencies": {
    "@boclips-ui/checkbox": {
      "version": "1.0.2",
      "requires": {
        "@boclips-ui/styles": "^4.0.2",
        "@boclips-ui/typography": "^2.3.6"
      },
      "dependencies": {
        "@boclips-ui/styles": {
          "version": "4.0.2"
        },
        "@boclips-ui/ts-config": {},
        "@boclips-ui/typography": {
          "version": "2.3.6",
          "requires": {
            "@boclips-ui/media-breakpoints": "^2.0.3",
            "@boclips-ui/styles": "^4.0.2",
            "@boclips-ui/use-media-breakpoints": "^2.0.6"
          },
          "dependencies": {
            "@boclips-ui/media-breakpoints": {
              "version": "2.0.3",
              "dependencies": {
                "@boclips-ui/ts-config": {}
              }
            },
            "@boclips-ui/styles": {
              "version": "4.0.2"
            },
            "@boclips-ui/ts-config": {},
            "@boclips-ui/use-media-breakpoints": {
              "version": "2.0.6",
              "requires": {
                "@boclips-ui/media-breakpoints": "^2.0.3"
              },
              "dependencies": {
                "@boclips-ui/media-breakpoints": {
                  "version": "2.0.3",
                  "dependencies": {
                    "@boclips-ui/ts-config": {}
                  }
                },
                "@boclips-ui/ts-config": {}
              }
            }
          }
        }
      }
    },
    "@boclips-ui/styles": {
      "version": "4.0.2"
    },
    "@boclips-ui/ts-config": {
      "version": "1.0.15",
      "dev": true
    },
    "@boclips-ui/typography": {
      "version": "2.3.6",
      "requires": {
        "@boclips-ui/media-breakpoints": "^2.0.3",
        "@boclips-ui/styles": "^4.0.2",
        "@boclips-ui/use-media-breakpoints": "^2.0.6"
      },
      "dependencies": {
        "@boclips-ui/media-breakpoints": {
          "version": "2.0.3",
          "dependencies": {}
        },
        "@boclips-ui/styles": {
          "version": "4.0.2"
        },
        "@boclips-ui/ts-config": {},
        "@boclips-ui/use-media-breakpoints": {
          "version": "2.0.6",
          "requires": {
            "@boclips-ui/media-breakpoints": "^2.0.3"
          },
          "dependencies": {}
        }
      }
    }
  }
}
