{
	"name": "@boclips-ui/video-card",
	"version": "1.0.3",
	"lockfileVersion": 1,
	"requires": true,
	"dependencies": {
		"@bit/boclips.dev-boclips-ui.hooks.use-media-break-points": {
			"version": "1.0.3",
			"resolved": "https://node.bit.dev/boclips.dev-boclips-ui.hooks.use-media-break-points/-/boclips.dev-boclips-ui.hooks.use-media-break-points-1.0.3.tgz",
			"integrity": "sha1-PJ/4ycEhdNwJOat6ILs33C652+I=",
			"requires": {
				"@bit/boclips.dev-boclips-ui.types.media-break-points": "1.0.0"
			}
		},
		"@bit/boclips.dev-boclips-ui.types.media-break-points": {
			"version": "1.0.0",
			"resolved": "https://node.bit.dev/boclips.dev-boclips-ui.types.media-break-points/-/boclips.dev-boclips-ui.types.media-break-points-1.0.0.tgz",
			"integrity": "sha1-uYbblYHNoG3Y81UosWHvgU+KcA4="
		},
		"@boclips-ui/age-range": {
			"version": "1.0.0",
			"resolved": "https://registry.npmjs.org/@boclips-ui/age-range/-/age-range-1.0.0.tgz",
			"integrity": "sha512-BYveSoBZ9Sejg+JxzFM6g41mVl+C0HEV2zh4Zl8ONpH/5jHPHsdUVW6GgSQBTAnRJNLrgIbDQjtrIgZpkYTCLw=="
		},
		"@boclips-ui/badge": {
			"version": "1.1.3",
			"resolved": "https://registry.npmjs.org/@boclips-ui/badge/-/badge-1.1.3.tgz",
			"integrity": "sha512-QAtKZ8LjlMf8HDeVGZdKk87XP+h6HjdsO3oOBbCcPUSXAlsZxMdsFcECrhd7NOVl4NDkyzWS09p1Lq2Q2r7x4A==",
			"requires": {
				"@boclips-ui/styles": "^2.0.4",
				"classnames": "2.2.6"
			},
			"dependencies": {
				"@boclips-ui/styles": {
					"version": "2.0.4",
					"resolved": "https://registry.npmjs.org/@boclips-ui/styles/-/styles-2.0.4.tgz",
					"integrity": "sha512-uBX+8FFXCZVc1i8LDm9P3hGsiZH5aCQ3t10C2UuWN+EjgNNOX0OBYomr5EAC9qJ/HI0tC7vFVLvK1XyIWHdJuQ=="
				}
			}
		},
		"@boclips-ui/link": {
			"version": "1.0.1",
			"resolved": "https://registry.npmjs.org/@boclips-ui/link/-/link-1.0.1.tgz",
			"integrity": "sha512-D96d73jYTqYOUgGi4fZABLqDIvCY3ibViWPauWP9a2yZschPwnY8uGEoMsGhmd97bRkQcMsHCqhfz1Iv2Y3wfw=="
		},
		"@boclips-ui/styles": {
			"version": "1.1.0",
			"resolved": "https://registry.npmjs.org/@boclips-ui/styles/-/styles-1.1.0.tgz",
			"integrity": "sha512-KAwhAaHlspzrJ8NI0zTpQD2Y3dSnujztLdPaa94vthCX0VsDBVWFYgScoW00th0159hiaPDVhuVjx3GG/+LL4w=="
		},
		"@boclips-ui/subject-badge": {
			"version": "0.0.4",
			"resolved": "https://registry.npmjs.org/@boclips-ui/subject-badge/-/subject-badge-0.0.4.tgz",
			"integrity": "sha512-T+dqsGy1das+eMAo+ySnZGZKTDZ3wd4xXsNyOaiFcBMQfAUI+x6QgdhlHsMy47TzKK2iYN4H8m/plVlQ5Qj5iA==",
			"requires": {
				"@boclips-ui/badge": "^1.1.2",
				"@boclips-ui/styles": "^1.0.4"
			}
		},
		"@boclips-ui/video": {
			"version": "1.0.0",
			"resolved": "https://registry.npmjs.org/@boclips-ui/video/-/video-1.0.0.tgz",
			"integrity": "sha512-eJJgr3P4W+hne6zv0JoPYdainXVtAdS9KEcZW72UtCFkbIQZTXAstWYA72/L8KvIDvOHTv3eZgIPJT0uLmhyTQ==",
			"requires": {
				"@boclips-ui/age-range": "^1.0.0",
				"@boclips-ui/link": "^1.0.1"
			}
		},
		"classnames": {
			"version": "2.2.6",
			"resolved": "https://registry.npmjs.org/classnames/-/classnames-2.2.6.tgz",
			"integrity": "sha512-JR/iSQOSt+LQIWwrwEzJ9uk0xfN3mTVYMwt1Ir5mUcSN6pU+V4zQFFaJsclJbPuAUQH+yfWef6tm7l1quW3C8Q=="
		}
	}
}
