{
	"name": "@boclips-ui/video-card",
	"version": "5.2.16",
	"lockfileVersion": 1,
	"requires": true,
	"dependencies": {
		"@boclips-ui/badge": {
			"version": "2.2.17",
			"resolved": "https://registry.npmjs.org/@boclips-ui/badge/-/badge-2.2.17.tgz",
			"integrity": "sha512-NVNMwpwrYineXkIJxvCwLzzUbmey5h6AVbNEhOiolgjsCsubzi74z2SvjXW5onpuoJB9/Cnr5XKW+NEd6guEMw==",
			"requires": {
				"@boclips-ui/styles": "^4.0.2",
				"@boclips-ui/typography": "^2.3.6"
			}
		},
		"@boclips-ui/media-breakpoints": {
			"version": "2.0.3",
			"resolved": "https://registry.npmjs.org/@boclips-ui/media-breakpoints/-/media-breakpoints-2.0.3.tgz",
			"integrity": "sha512-FEONyHdVyoU3Emvi03VEZtCTw5RHjFNSubD6RZLTw/Na/yX/8nvtjZB//lVC/eubTS1mdeqE/GUvCSEXSS928A=="
		},
		"@boclips-ui/provider-badge": {
			"version": "2.2.17",
			"resolved": "https://registry.npmjs.org/@boclips-ui/provider-badge/-/provider-badge-2.2.17.tgz",
			"integrity": "sha512-SsvLiG9+ADqiw3LsRg3tltzVEWBDD3hjtFCyU31KC1YfJlnmVUZN62pW6HDqzbo92NduVUHLC9QNrNh+yvBA2w==",
			"requires": {
				"@boclips-ui/badge": "^2.2.17",
				"@boclips-ui/styles": "^4.0.2"
			}
		},
		"@boclips-ui/released-on": {
			"version": "2.1.15",
			"resolved": "https://registry.npmjs.org/@boclips-ui/released-on/-/released-on-2.1.15.tgz",
			"integrity": "sha512-SXuPJrGj69l/VFeqspSprqU7jUMMJov4jO2LvG2Z/jShte7678KqjCvLcU2h7RLnRsf20JrOQxb5DW5v3rJNFQ==",
			"requires": {
				"@boclips-ui/styles": "^4.0.2",
				"@boclips-ui/typography": "^2.3.6"
			}
		},
		"@boclips-ui/styles": {
			"version": "4.0.2",
			"resolved": "https://registry.npmjs.org/@boclips-ui/styles/-/styles-4.0.2.tgz",
			"integrity": "sha512-BEZt4otsWeCVIj1Fw4yMYDyrIWumeN5kTnM+qUuX98z5KKpsbUsqQeSEr1+DcDn5WakD5BsiEhGkz4+pFxOYQQ=="
		},
		"@boclips-ui/typography": {
			"version": "2.3.6",
			"resolved": "https://registry.npmjs.org/@boclips-ui/typography/-/typography-2.3.6.tgz",
			"integrity": "sha512-37PR5q7s28iqNqvcvuhn4bvob7+sJxYUwjbft51ze8gkZ5wop0LzTAAnHMIpFCelsiuGBj9RizO3GyO0KuDNvw==",
			"requires": {
				"@boclips-ui/media-breakpoints": "^2.0.3",
				"@boclips-ui/styles": "^4.0.2",
				"@boclips-ui/use-media-breakpoints": "^2.0.6"
			}
		},
		"@boclips-ui/use-media-breakpoints": {
			"version": "2.0.6",
			"resolved": "https://registry.npmjs.org/@boclips-ui/use-media-breakpoints/-/use-media-breakpoints-2.0.6.tgz",
			"integrity": "sha512-FMkB24eknbDkW0wIr1yZ6bmVaScpyTcsHneMlmS+xrD1FDcQaLzj9eOeUsvdd1exN4GboEwJLL8Eky2ev3ZYFA==",
			"requires": {
				"@boclips-ui/media-breakpoints": "^2.0.3"
			}
		}
	}
}
