{
	"name": "@boclips-ui/video-card",
	"version": "5.2.23",
	"lockfileVersion": 1,
	"requires": true,
	"dependencies": {
		"@boclips-ui/age-range": {
			"version": "1.0.17",
			"resolved": "https://registry.npmjs.org/@boclips-ui/age-range/-/age-range-1.0.17.tgz",
			"integrity": "sha512-2xsCHaYQKRDv3Mz40LG/ySVp7IbQ4zS7Rkfpx5QLtyXxaNBMm3qbE98OFmp2Gj9Y0/lxEfu9ELVeDapY4iuItg=="
		},
		"@boclips-ui/age-range-badge": {
			"version": "2.1.24",
			"resolved": "https://registry.npmjs.org/@boclips-ui/age-range-badge/-/age-range-badge-2.1.24.tgz",
			"integrity": "sha512-8WM0uRJEjRZNpFPX++8ZYWJ96C+N94V4I64YSQ6ZW52jYtciahUkIvbOaMdUS8/JcnDncwZVUKZw7Hx8+hKhkg==",
			"requires": {
				"@boclips-ui/age-range": "^1.0.17",
				"@boclips-ui/badge": "^2.2.18",
				"@boclips-ui/styles": "^4.1.0"
			}
		},
		"@boclips-ui/attachment-badge": {
			"version": "2.1.18",
			"resolved": "https://registry.npmjs.org/@boclips-ui/attachment-badge/-/attachment-badge-2.1.18.tgz",
			"integrity": "sha512-p8I1ntd2eRYoehG/uYyG90YRJnruI+c2+8e9A3057nBF3gxjopBoO7m/uY4LIG5ozvw/l+XVCk1TYX2YaEUf7w==",
			"requires": {
				"@boclips-ui/badge": "^2.2.18",
				"@boclips-ui/styles": "^4.1.0"
			}
		},
		"@boclips-ui/badge": {
			"version": "2.2.18",
			"resolved": "https://registry.npmjs.org/@boclips-ui/badge/-/badge-2.2.18.tgz",
			"integrity": "sha512-r/hROU6h5jFi/8aZIXSSTk4jr1LCndApkwRIaTHwfo6yNGeewJjll5aOnDSWi0ArL/Qc2Pkt7AYTjnHQcj+H4g==",
			"requires": {
				"@boclips-ui/styles": "^4.1.0",
				"@boclips-ui/typography": "^2.3.7"
			}
		},
		"@boclips-ui/content-warning-badge": {
			"version": "1.1.15",
			"resolved": "https://registry.npmjs.org/@boclips-ui/content-warning-badge/-/content-warning-badge-1.1.15.tgz",
			"integrity": "sha512-65jVXcFz4yu9RZJB261cIsf3TtW4K4GruefyEY60mLcIAyEWMNIYR3MqCqy6ubrhYr92kX3Jv/Wt1XmER654Zw==",
			"requires": {
				"@boclips-ui/styles": "^4.1.0"
			}
		},
		"@boclips-ui/media-breakpoints": {
			"version": "2.0.3",
			"resolved": "https://registry.npmjs.org/@boclips-ui/media-breakpoints/-/media-breakpoints-2.0.3.tgz",
			"integrity": "sha512-FEONyHdVyoU3Emvi03VEZtCTw5RHjFNSubD6RZLTw/Na/yX/8nvtjZB//lVC/eubTS1mdeqE/GUvCSEXSS928A=="
		},
		"@boclips-ui/provider-badge": {
			"version": "2.2.18",
			"resolved": "https://registry.npmjs.org/@boclips-ui/provider-badge/-/provider-badge-2.2.18.tgz",
			"integrity": "sha512-zqAiZ4yMfUeHU5eTy4jHy3Z0i0BKmNEhdGoRIVbL4bROU6POz6202at8ohztkb4tR60gnAqx9CPM0l+CKUU3yQ==",
			"requires": {
				"@boclips-ui/badge": "^2.2.18",
				"@boclips-ui/styles": "^4.1.0"
			}
		},
		"@boclips-ui/released-on": {
			"version": "2.1.16",
			"resolved": "https://registry.npmjs.org/@boclips-ui/released-on/-/released-on-2.1.16.tgz",
			"integrity": "sha512-ssiLvUZk/cyRllwVZdBPuxCNz05ZEk+XpMBDx42+JM0BA8ENq4YJnBbnuVMMrKEDKE2itn4/AJ1eRS6OPi4DPg==",
			"requires": {
				"@boclips-ui/styles": "^4.1.0",
				"@boclips-ui/typography": "^2.3.7"
			}
		},
		"@boclips-ui/styles": {
			"version": "4.1.0",
			"resolved": "https://registry.npmjs.org/@boclips-ui/styles/-/styles-4.1.0.tgz",
			"integrity": "sha512-GuDnWPsB/6G6BafuR8UNhT6hBlYRQ8uPXD00hCgFJvaeyzTkMynUQJhOGGmuQupEzrW6qbPpBuiNlnSVlx9q0A=="
		},
		"@boclips-ui/subject-badge": {
			"version": "2.1.19",
			"resolved": "https://registry.npmjs.org/@boclips-ui/subject-badge/-/subject-badge-2.1.19.tgz",
			"integrity": "sha512-4T006cq+/ux9ZC5O2KcSayE8n24L0olNngQ1X1tAUP8ZwdltMlymG35/qWjFJxivZ4hvDn4IxMsi9JruE1BiWQ==",
			"requires": {
				"@boclips-ui/badge": "^2.2.18",
				"@boclips-ui/styles": "^4.1.0"
			}
		},
		"@boclips-ui/ts-config": {
			"version": "1.0.15",
			"resolved": "https://registry.npmjs.org/@boclips-ui/ts-config/-/ts-config-1.0.15.tgz",
			"integrity": "sha512-Ua/InO3M/Vvc96XhydkSggKzfipdW3LbwWXDjdhuzB0YM/kTCQR+cXB7ZMwIVOgV/sk7wGmTtKtuOGUxKlhNLA==",
			"dev": true
		},
		"@boclips-ui/typography": {
			"version": "2.3.7",
			"resolved": "https://registry.npmjs.org/@boclips-ui/typography/-/typography-2.3.7.tgz",
			"integrity": "sha512-CkPr8xIYV+ZLUb+ZLmpJRQLcMN8b5kb/sJy6/9eitHT8ML0x31lBT+XaKDQjMLkZiaotXMwZWPlIszQOEfNrNA==",
			"requires": {
				"@boclips-ui/media-breakpoints": "^2.0.3",
				"@boclips-ui/styles": "^4.1.0",
				"@boclips-ui/use-media-breakpoints": "^2.0.6"
			}
		},
		"@boclips-ui/use-media-breakpoints": {
			"version": "2.0.6",
			"resolved": "https://registry.npmjs.org/@boclips-ui/use-media-breakpoints/-/use-media-breakpoints-2.0.6.tgz",
			"integrity": "sha512-FMkB24eknbDkW0wIr1yZ6bmVaScpyTcsHneMlmS+xrD1FDcQaLzj9eOeUsvdd1exN4GboEwJLL8Eky2ev3ZYFA==",
			"requires": {
				"@boclips-ui/media-breakpoints": "^2.0.3"
			}
		}
	}
}
