{
	"name": "@boclips-ui/taxonomy-category-badge",
	"version": "2.1.3",
	"lockfileVersion": 1,
	"requires": true,
	"dependencies": {
		"@boclips-ui/age-range": {
			"version": "1.0.14",
			"resolved": "https://registry.npmjs.org/@boclips-ui/age-range/-/age-range-1.0.14.tgz",
			"integrity": "sha512-SZ5d4lBdsb7+rMjPxy/XoyD3tJaqfo8GfkkL8Su+i4PAnlWfUyWPYh6QqS6XsjDCFaFOY1/3R8KBSYrbfz2r3A=="
		},
		"@boclips-ui/badge": {
			"version": "2.1.0",
			"resolved": "https://registry.npmjs.org/@boclips-ui/badge/-/badge-2.1.0.tgz",
			"integrity": "sha512-NqLgv5SVt/rqY/iAgCUNVillO2sqq76JC2qvQQlsGGvYZW9MBO6IDdSS0hOS5qyIdz61fXJHid7z6FbG6G1Log==",
			"requires": {
				"@boclips-ui/styles": "^2.2.4"
			}
		},
		"@boclips-ui/link": {
			"version": "1.0.15",
			"resolved": "https://registry.npmjs.org/@boclips-ui/link/-/link-1.0.15.tgz",
			"integrity": "sha512-1PBQiq2vPBOJyclgz3TmkMO+krMbyEA/Ul6d1BDSWir6WwGmFVQqyjberlNafPeU5g1AfXCmiKxDGa0KI2aQhQ=="
		},
		"@boclips-ui/styles": {
			"version": "2.2.4",
			"resolved": "https://registry.npmjs.org/@boclips-ui/styles/-/styles-2.2.4.tgz",
			"integrity": "sha512-nQbERNklsyo8uTXsNPhrOog9fOsKcPYd0h4R//RIRF2AjMhMiz6YuzH3890/ZJf6NfLggzxrcOheWmGpXSXlDQ=="
		},
		"@boclips-ui/ts-config": {
			"version": "1.0.13",
			"resolved": "https://registry.npmjs.org/@boclips-ui/ts-config/-/ts-config-1.0.13.tgz",
			"integrity": "sha512-vP9RHFuZXslQEtRirjvODxVr2NexccT1hoXuDUUekX+eLJI/tqMn8IQpC/Gl790gUpEvyflO/cjYKdUxm4xG8w==",
			"dev": true
		},
		"@boclips-ui/video": {
			"version": "2.0.4",
			"resolved": "https://registry.npmjs.org/@boclips-ui/video/-/video-2.0.4.tgz",
			"integrity": "sha512-jsgGPvEYhLnrON4WrUx8ib77zsnuIt6xqKB7m9m18nGPq+Xmh5v5QC6sUwZTPzc5sU6du0Rmc1FCnIW0PTTsVA==",
			"requires": {
				"@boclips-ui/age-range": "^1.0.14",
				"@boclips-ui/link": "^1.0.15"
			}
		}
	}
}
