{
	"name": "@boclips-ui/taxonomy-category-badge",
	"version": "2.0.3",
	"lockfileVersion": 1,
	"requires": true,
	"dependencies": {
		"@boclips-ui/age-range": {
			"version": "1.0.14",
			"resolved": "https://registry.npmjs.org/@boclips-ui/age-range/-/age-range-1.0.14.tgz",
			"integrity": "sha512-SZ5d4lBdsb7+rMjPxy/XoyD3tJaqfo8GfkkL8Su+i4PAnlWfUyWPYh6QqS6XsjDCFaFOY1/3R8KBSYrbfz2r3A=="
		},
		"@boclips-ui/badge": {
			"version": "2.1.3",
			"resolved": "https://registry.npmjs.org/@boclips-ui/badge/-/badge-2.1.3.tgz",
			"integrity": "sha512-CEmQSFO4ZngpClXFSZKoHCxwgYioMLru1B6yjO2xDyOUr97keltodqB0no00md7OrAxvTYqQmSpnZnMqdgWO5w==",
			"requires": {
				"@boclips-ui/styles": "^2.2.6"
			}
		},
		"@boclips-ui/link": {
			"version": "1.0.16",
			"resolved": "https://registry.npmjs.org/@boclips-ui/link/-/link-1.0.16.tgz",
			"integrity": "sha512-j2NGbttwN44AdhWNduSPejleaHz0Fpqlv9lAPcLdOMn78wvWcw6DI97LheR17Zk8BGI9G/4Bj3sFVm4NGGfJjg=="
		},
		"@boclips-ui/styles": {
			"version": "2.2.6",
			"resolved": "https://registry.npmjs.org/@boclips-ui/styles/-/styles-2.2.6.tgz",
			"integrity": "sha512-gQknXQu4kLdE4A0AmNOp1PlVLEkii6tuspVyHb9fj1jNFDAggGbz+1LlZdv60P7bjvMOf9ZXKu+lTDh0ynGVlg=="
		},
		"@boclips-ui/ts-config": {
			"version": "1.0.13",
			"resolved": "https://registry.npmjs.org/@boclips-ui/ts-config/-/ts-config-1.0.13.tgz",
			"integrity": "sha512-vP9RHFuZXslQEtRirjvODxVr2NexccT1hoXuDUUekX+eLJI/tqMn8IQpC/Gl790gUpEvyflO/cjYKdUxm4xG8w==",
			"dev": true
		},
		"@boclips-ui/video": {
			"version": "3.0.0",
			"resolved": "https://registry.npmjs.org/@boclips-ui/video/-/video-3.0.0.tgz",
			"integrity": "sha512-XyXAm4cwqBOhOzqsOfwRUngdUeGMwyChdZInkO7/Mv9zhMf0VRip2QdwfPx6XRazfeJ9QqO7nDPOPTPR1wQOrw==",
			"requires": {
				"@boclips-ui/age-range": "^1.0.14",
				"@boclips-ui/link": "^1.0.16"
			}
		}
	}
}
