{
  "name": "@boclips-ui/typography",
  "version": "2.3.2",
  "lockfileVersion": 1,
  "requires": true,
  "dependencies": {
    "@boclips-ui/media-breakpoints": {
      "version": "2.0.2",
      "resolved": "https://registry.npmjs.org/@boclips-ui/media-breakpoints/-/media-breakpoints-2.0.2.tgz",
      "integrity": "sha512-5cfukdzWfm2iYSZjl37A81nUD7JNL0r70SrHVBcpQ5g2/Ka2chqg1GW0uPpkUTLJeaAoqdQy94MVIy7GQWSevQ=="
    },
    "@boclips-ui/styles": {
      "version": "4.0.2",
      "resolved": "https://registry.npmjs.org/@boclips-ui/styles/-/styles-4.0.2.tgz",
      "integrity": "sha512-BEZt4otsWeCVIj1Fw4yMYDyrIWumeN5kTnM+qUuX98z5KKpsbUsqQeSEr1+DcDn5WakD5BsiEhGkz4+pFxOYQQ=="
    },
    "@boclips-ui/ts-config": {
      "version": "1.0.15",
      "dev": true
    },
    "@boclips-ui/use-media-breakpoints": {
      "version": "2.0.3",
      "resolved": "https://registry.npmjs.org/@boclips-ui/use-media-breakpoints/-/use-media-breakpoints-2.0.3.tgz",
      "integrity": "sha512-4ibpvyEP5y9tBfjNvZV/bwwXSZ5ulyaQOReAIOudfq0X06Av9dNR7HWuv7U1OYsKf+Y1mNxGNkJozMynx58BbA==",
      "requires": {
        "@boclips-ui/media-breakpoints": "^2.0.2"
      }
    }
  }
}
