{
  "name": "@boclips-ui/typography",
  "version": "2.3.9",
  "lockfileVersion": 2,
  "requires": true,
  "packages": {
    "": {
      "name": "@boclips-ui/typography",
      "version": "2.3.7",
      "license": "SEE LICENSE IN LICENSE",
      "dependencies": {
        "@boclips-ui/media-breakpoints": "^2.0.3",
        "@boclips-ui/styles": "^4.1.0",
        "@boclips-ui/use-media-breakpoints": "^2.0.6"
      },
      "devDependencies": {
        "@boclips-ui/ts-config": "^1.0.15"
      },
      "peerDependencies": {
        "classnames": "2.2.6",
        "react": "17.0.2"
      }
    },
    "../../configs/ts-config": {
      "name": "@boclips-ui/ts-config",
      "version": "1.0.15",
      "dev": true,
      "peerDependencies": {
        "typescript": "^3.2.4"
      }
    },
    "../../configs/ts-config/node_modules/typescript": {
      "version": "3.9.10",
      "dev": true,
      "license": "Apache-2.0",
      "peer": true,
      "bin": {
        "tsc": "bin/tsc",
        "tsserver": "bin/tsserver"
      },
      "engines": {
        "node": ">=4.2.0"
      }
    },
    "../../hooks/use-media-breakpoints": {
      "name": "@boclips-ui/use-media-breakpoints",
      "version": "2.0.6",
      "license": "SEE LICENSE IN LICENSE",
      "dependencies": {
        "@boclips-ui/media-breakpoints": "^2.0.3"
      },
      "devDependencies": {
        "@boclips-ui/ts-config": "^1.0.15"
      },
      "peerDependencies": {
        "react": "17.0.2"
      }
    },
    "../../hooks/use-media-breakpoints/node_modules/@boclips-ui/media-breakpoints": {
      "resolved": "../../types/media-breakpoints",
      "link": true
    },
    "../../hooks/use-media-breakpoints/node_modules/@boclips-ui/ts-config": {
      "resolved": "../../configs/ts-config",
      "link": true
    },
    "../../hooks/use-media-breakpoints/node_modules/js-tokens": {
      "version": "4.0.0",
      "license": "MIT",
      "peer": true
    },
    "../../hooks/use-media-breakpoints/node_modules/loose-envify": {
      "version": "1.4.0",
      "license": "MIT",
      "peer": true,
      "dependencies": {
        "js-tokens": "^3.0.0 || ^4.0.0"
      },
      "bin": {
        "loose-envify": "cli.js"
      }
    },
    "../../hooks/use-media-breakpoints/node_modules/object-assign": {
      "version": "4.1.1",
      "license": "MIT",
      "peer": true,
      "engines": {
        "node": ">=0.10.0"
      }
    },
    "../../hooks/use-media-breakpoints/node_modules/react": {
      "version": "17.0.2",
      "license": "MIT",
      "peer": true,
      "dependencies": {
        "loose-envify": "^1.1.0",
        "object-assign": "^4.1.1"
      },
      "engines": {
        "node": ">=0.10.0"
      }
    },
    "../../styles/styles": {
      "name": "@boclips-ui/styles",
      "version": "4.1.0",
      "license": "SEE LICENSE IN LICENSE"
    },
    "../../types/media-breakpoints": {
      "name": "@boclips-ui/media-breakpoints",
      "version": "2.0.3",
      "license": "SEE LICENSE IN LICENSE",
      "devDependencies": {
        "@boclips-ui/ts-config": "^1.0.15"
      }
    },
    "../../types/media-breakpoints/node_modules/@boclips-ui/ts-config": {
      "resolved": "../../configs/ts-config",
      "link": true
    },
    "node_modules/@boclips-ui/media-breakpoints": {
      "resolved": "../../types/media-breakpoints",
      "link": true
    },
    "node_modules/@boclips-ui/styles": {
      "resolved": "../../styles/styles",
      "link": true
    },
    "node_modules/@boclips-ui/ts-config": {
      "resolved": "../../configs/ts-config",
      "link": true
    },
    "node_modules/@boclips-ui/use-media-breakpoints": {
      "resolved": "../../hooks/use-media-breakpoints",
      "link": true
    },
    "node_modules/classnames": {
      "version": "2.2.6",
      "resolved": "https://registry.npmjs.org/classnames/-/classnames-2.2.6.tgz",
      "integrity": "sha512-JR/iSQOSt+LQIWwrwEzJ9uk0xfN3mTVYMwt1Ir5mUcSN6pU+V4zQFFaJsclJbPuAUQH+yfWef6tm7l1quW3C8Q==",
      "peer": true
    },
    "node_modules/js-tokens": {
      "version": "4.0.0",
      "resolved": "https://registry.npmjs.org/js-tokens/-/js-tokens-4.0.0.tgz",
      "integrity": "sha512-RdJUflcE3cUzKiMqQgsCu06FPu9UdIJO0beYbPhHN4k6apgJtifcoCtT9bcxOpYBtpD2kCM6Sbzg4CausW/PKQ==",
      "peer": true
    },
    "node_modules/loose-envify": {
      "version": "1.4.0",
      "resolved": "https://registry.npmjs.org/loose-envify/-/loose-envify-1.4.0.tgz",
      "integrity": "sha512-lyuxPGr/Wfhrlem2CL/UcnUc1zcqKAImBDzukY7Y5F/yQiNdko6+fRLevlw1HgMySw7f611UIY408EtxRSoK3Q==",
      "peer": true,
      "dependencies": {
        "js-tokens": "^3.0.0 || ^4.0.0"
      },
      "bin": {
        "loose-envify": "cli.js"
      }
    },
    "node_modules/object-assign": {
      "version": "4.1.1",
      "resolved": "https://registry.npmjs.org/object-assign/-/object-assign-4.1.1.tgz",
      "integrity": "sha512-rJgTQnkUnH1sFw8yT6VSU3zD3sWmu6sZhIseY8VX+GRu3P6F7Fu+JNDoXfklElbLJSnc3FUQHVe4cU5hj+BcUg==",
      "peer": true,
      "engines": {
        "node": ">=0.10.0"
      }
    },
    "node_modules/react": {
      "version": "17.0.2",
      "resolved": "https://registry.npmjs.org/react/-/react-17.0.2.tgz",
      "integrity": "sha512-gnhPt75i/dq/z3/6q/0asP78D0u592D5L1pd7M8P+dck6Fu/jJeL6iVVK23fptSUZj8Vjf++7wXA8UNclGQcbA==",
      "peer": true,
      "dependencies": {
        "loose-envify": "^1.1.0",
        "object-assign": "^4.1.1"
      },
      "engines": {
        "node": ">=0.10.0"
      }
    }
  },
  "dependencies": {
    "@boclips-ui/media-breakpoints": {
      "version": "file:../../types/media-breakpoints",
      "requires": {
        "@boclips-ui/ts-config": "^1.0.15"
      },
      "dependencies": {
        "@boclips-ui/ts-config": {
          "version": "file:../../configs/ts-config",
          "requires": {},
          "dependencies": {
            "typescript": {
              "version": "3.9.10",
              "dev": true,
              "peer": true
            }
          }
        }
      }
    },
    "@boclips-ui/styles": {
      "version": "file:../../styles/styles"
    },
    "@boclips-ui/ts-config": {
      "version": "file:../../configs/ts-config",
      "requires": {},
      "dependencies": {
        "typescript": {
          "version": "3.9.10",
          "dev": true,
          "peer": true
        }
      }
    },
    "@boclips-ui/use-media-breakpoints": {
      "version": "file:../../hooks/use-media-breakpoints",
      "requires": {
        "@boclips-ui/media-breakpoints": "^2.0.3",
        "@boclips-ui/ts-config": "^1.0.15"
      },
      "dependencies": {
        "@boclips-ui/media-breakpoints": {
          "version": "file:../../types/media-breakpoints",
          "requires": {
            "@boclips-ui/ts-config": "^1.0.15"
          },
          "dependencies": {
            "@boclips-ui/ts-config": {
              "version": "file:../../configs/ts-config",
              "requires": {},
              "dependencies": {
                "typescript": {
                  "version": "3.9.10",
                  "dev": true,
                  "peer": true
                }
              }
            }
          }
        },
        "@boclips-ui/ts-config": {
          "version": "file:../../configs/ts-config",
          "requires": {},
          "dependencies": {
            "typescript": {
              "version": "3.9.10",
              "dev": true,
              "peer": true
            }
          }
        },
        "js-tokens": {
          "version": "4.0.0",
          "peer": true
        },
        "loose-envify": {
          "version": "1.4.0",
          "peer": true,
          "requires": {
            "js-tokens": "^3.0.0 || ^4.0.0"
          }
        },
        "object-assign": {
          "version": "4.1.1",
          "peer": true
        },
        "react": {
          "version": "17.0.2",
          "peer": true,
          "requires": {
            "loose-envify": "^1.1.0",
            "object-assign": "^4.1.1"
          }
        }
      }
    },
    "classnames": {
      "version": "2.2.6",
      "resolved": "https://registry.npmjs.org/classnames/-/classnames-2.2.6.tgz",
      "integrity": "sha512-JR/iSQOSt+LQIWwrwEzJ9uk0xfN3mTVYMwt1Ir5mUcSN6pU+V4zQFFaJsclJbPuAUQH+yfWef6tm7l1quW3C8Q==",
      "peer": true
    },
    "js-tokens": {
      "version": "4.0.0",
      "resolved": "https://registry.npmjs.org/js-tokens/-/js-tokens-4.0.0.tgz",
      "integrity": "sha512-RdJUflcE3cUzKiMqQgsCu06FPu9UdIJO0beYbPhHN4k6apgJtifcoCtT9bcxOpYBtpD2kCM6Sbzg4CausW/PKQ==",
      "peer": true
    },
    "loose-envify": {
      "version": "1.4.0",
      "resolved": "https://registry.npmjs.org/loose-envify/-/loose-envify-1.4.0.tgz",
      "integrity": "sha512-lyuxPGr/Wfhrlem2CL/UcnUc1zcqKAImBDzukY7Y5F/yQiNdko6+fRLevlw1HgMySw7f611UIY408EtxRSoK3Q==",
      "peer": true,
      "requires": {
        "js-tokens": "^3.0.0 || ^4.0.0"
      }
    },
    "object-assign": {
      "version": "4.1.1",
      "resolved": "https://registry.npmjs.org/object-assign/-/object-assign-4.1.1.tgz",
      "integrity": "sha512-rJgTQnkUnH1sFw8yT6VSU3zD3sWmu6sZhIseY8VX+GRu3P6F7Fu+JNDoXfklElbLJSnc3FUQHVe4cU5hj+BcUg==",
      "peer": true
    },
    "react": {
      "version": "17.0.2",
      "resolved": "https://registry.npmjs.org/react/-/react-17.0.2.tgz",
      "integrity": "sha512-gnhPt75i/dq/z3/6q/0asP78D0u592D5L1pd7M8P+dck6Fu/jJeL6iVVK23fptSUZj8Vjf++7wXA8UNclGQcbA==",
      "peer": true,
      "requires": {
        "loose-envify": "^1.1.0",
        "object-assign": "^4.1.1"
      }
    }
  }
}
