{
  "name": "@boclips-ui/typography",
  "version": "2.3.4",
  "lockfileVersion": 1,
  "requires": true,
  "dependencies": {
    "@boclips-ui/media-breakpoints": {
      "version": "2.0.3",
      "resolved": "https://registry.npmjs.org/@boclips-ui/media-breakpoints/-/media-breakpoints-2.0.3.tgz",
      "integrity": "sha512-FEONyHdVyoU3Emvi03VEZtCTw5RHjFNSubD6RZLTw/Na/yX/8nvtjZB//lVC/eubTS1mdeqE/GUvCSEXSS928A=="
    },
    "@boclips-ui/styles": {
      "version": "4.0.2",
      "resolved": "https://registry.npmjs.org/@boclips-ui/styles/-/styles-4.0.2.tgz",
      "integrity": "sha512-BEZt4otsWeCVIj1Fw4yMYDyrIWumeN5kTnM+qUuX98z5KKpsbUsqQeSEr1+DcDn5WakD5BsiEhGkz4+pFxOYQQ=="
    },
    "@boclips-ui/ts-config": {
      "version": "1.0.15",
      "dev": true
    },
    "@boclips-ui/use-media-breakpoints": {
      "version": "2.0.4",
      "resolved": "https://registry.npmjs.org/@boclips-ui/use-media-breakpoints/-/use-media-breakpoints-2.0.4.tgz",
      "integrity": "sha512-RmQ/CdijwDzuZv6kTcy9hOPLQ+mTM0WNjcI421PNUnM4j+CFLDSY64ix2LnmIm6144tTN5e3NROeKsIePSDNFA==",
      "requires": {
        "@boclips-ui/media-breakpoints": "^2.0.3"
      }
    }
  }
}
