{
  "name": "@boclips-ui/content-warning-badge",
  "version": "1.0.8",
  "lockfileVersion": 1,
  "requires": true,
  "dependencies": {
    "@boclips-ui/age-range": {
      "version": "1.0.0",
      "resolved": "https://registry.npmjs.org/@boclips-ui/age-range/-/age-range-1.0.0.tgz",
      "integrity": "sha512-BYveSoBZ9Sejg+JxzFM6g41mVl+C0HEV2zh4Zl8ONpH/5jHPHsdUVW6GgSQBTAnRJNLrgIbDQjtrIgZpkYTCLw=="
    },
    "@boclips-ui/link": {
      "version": "1.0.1",
      "resolved": "https://registry.npmjs.org/@boclips-ui/link/-/link-1.0.1.tgz",
      "integrity": "sha512-D96d73jYTqYOUgGi4fZABLqDIvCY3ibViWPauWP9a2yZschPwnY8uGEoMsGhmd97bRkQcMsHCqhfz1Iv2Y3wfw=="
    },
    "@boclips-ui/video": {
      "version": "1.0.0",
      "resolved": "https://registry.npmjs.org/@boclips-ui/video/-/video-1.0.0.tgz",
      "integrity": "sha512-eJJgr3P4W+hne6zv0JoPYdainXVtAdS9KEcZW72UtCFkbIQZTXAstWYA72/L8KvIDvOHTv3eZgIPJT0uLmhyTQ==",
      "requires": {
        "@boclips-ui/age-range": "^1.0.0",
        "@boclips-ui/link": "^1.0.1"
      }
    },
    "classnames": {
      "version": "2.2.6",
      "resolved": "https://registry.npmjs.org/classnames/-/classnames-2.2.6.tgz",
      "integrity": "sha512-JR/iSQOSt+LQIWwrwEzJ9uk0xfN3mTVYMwt1Ir5mUcSN6pU+V4zQFFaJsclJbPuAUQH+yfWef6tm7l1quW3C8Q=="
    }
  }
}
