{
	"name": "@boclips-ui/age-range-badge",
	"version": "1.0.1",
	"lockfileVersion": 1,
	"requires": true,
	"dependencies": {
		"@bit/boclips.boclips-ui.types.age-range": {
			"version": "1.0.1",
			"resolved": "https://node.bit.dev/boclips.boclips-ui.types.age-range/-/boclips.boclips-ui.types.age-range-1.0.1.tgz",
			"integrity": "sha1-E1jazl9ivH5rrkeF9h5pRCQA4ug="
		},
		"classnames": {
			"version": "2.2.6",
			"resolved": "https://registry.npmjs.org/classnames/-/classnames-2.2.6.tgz",
			"integrity": "sha512-JR/iSQOSt+LQIWwrwEzJ9uk0xfN3mTVYMwt1Ir5mUcSN6pU+V4zQFFaJsclJbPuAUQH+yfWef6tm7l1quW3C8Q=="
		}
	}
}
