{
  "name": "@boclips-ui/no-results",
  "version": "1.0.9",
  "lockfileVersion": 1,
  "requires": true,
  "dependencies": {
    "@boclips-ui/styles": {
      "version": "2.0.5",
      "resolved": "https://registry.npmjs.org/@boclips-ui/styles/-/styles-2.0.5.tgz",
      "integrity": "sha512-O3uu9VulZR1+MYLzvIjGCf09XGCE53fyhATJkXVWHZqfG03IotqaKBFtwRR2jEA5HFjaxaYPLwYCn5tyjZU61Q=="
    },
    "@boclips-ui/ts-config": {
      "version": "1.0.1",
      "resolved": "https://registry.npmjs.org/@boclips-ui/ts-config/-/ts-config-1.0.1.tgz",
      "integrity": "sha512-+2p6MuDiijcaVn9ZZ/mG7IyKHkihqkT+O8wJEgVeBmK7c+1twzO1phccmanL1Dc5If+eoJS6bgaGNoFq6MOq1w==",
      "dev": true
    },
    "classnames": {
      "version": "2.2.6",
      "resolved": "https://registry.npmjs.org/classnames/-/classnames-2.2.6.tgz",
      "integrity": "sha512-JR/iSQOSt+LQIWwrwEzJ9uk0xfN3mTVYMwt1Ir5mUcSN6pU+V4zQFFaJsclJbPuAUQH+yfWef6tm7l1quW3C8Q=="
    }
  }
}
