{
  "name": "@boclips-ui/input",
  "version": "1.0.2",
  "lockfileVersion": 1,
  "requires": true,
  "dependencies": {
    "@boclips-ui/media-breakpoints": {
      "version": "2.0.3",
      "resolved": "https://registry.npmjs.org/@boclips-ui/media-breakpoints/-/media-breakpoints-2.0.3.tgz",
      "integrity": "sha512-FEONyHdVyoU3Emvi03VEZtCTw5RHjFNSubD6RZLTw/Na/yX/8nvtjZB//lVC/eubTS1mdeqE/GUvCSEXSS928A=="
    },
    "@boclips-ui/styles": {
      "version": "4.0.2"
    },
    "@boclips-ui/ts-config": {
      "version": "1.0.15",
      "dev": true
    },
    "@boclips-ui/typography": {
      "version": "2.3.6",
      "resolved": "https://registry.npmjs.org/@boclips-ui/typography/-/typography-2.3.6.tgz",
      "integrity": "sha512-37PR5q7s28iqNqvcvuhn4bvob7+sJxYUwjbft51ze8gkZ5wop0LzTAAnHMIpFCelsiuGBj9RizO3GyO0KuDNvw==",
      "requires": {
        "@boclips-ui/media-breakpoints": "^2.0.3",
        "@boclips-ui/styles": "^4.0.2",
        "@boclips-ui/use-media-breakpoints": "^2.0.6"
      }
    },
    "@boclips-ui/use-media-breakpoints": {
      "version": "2.0.6",
      "resolved": "https://registry.npmjs.org/@boclips-ui/use-media-breakpoints/-/use-media-breakpoints-2.0.6.tgz",
      "integrity": "sha512-FMkB24eknbDkW0wIr1yZ6bmVaScpyTcsHneMlmS+xrD1FDcQaLzj9eOeUsvdd1exN4GboEwJLL8Eky2ev3ZYFA==",
      "requires": {
        "@boclips-ui/media-breakpoints": "^2.0.3"
      }
    }
  }
}
