{
  "name": "@boclips-ui/tooltip",
  "version": "2.2.1",
  "lockfileVersion": 1,
  "requires": true,
  "dependencies": {
    "@boclips-ui/styles": {
      "version": "4.1.0",
      "dependencies": {
        "@boclips-ui/ts-config": {}
      }
    },
    "@boclips-ui/ts-config": {
      "version": "1.0.15",
      "dev": true
    }
  }
}
