{
  "name": "@boclips-ui/tooltip",
  "version": "2.1.4",
  "lockfileVersion": 1,
  "requires": true,
  "dependencies": {
    "@boclips-ui/styles": {
      "version": "3.0.1",
      "resolved": "https://registry.npmjs.org/@boclips-ui/styles/-/styles-3.0.1.tgz",
      "integrity": "sha512-Z2QcmH2i1B8/AeNbUz5q3FyYCrjn6lpATjOMGaaz+0om0cYf3OnSfvETWNH1mVB/impeC1nDWv55oBZK4MxtuQ=="
    },
    "@boclips-ui/ts-config": {
      "version": "1.0.15",
      "resolved": "https://registry.npmjs.org/@boclips-ui/ts-config/-/ts-config-1.0.15.tgz",
      "integrity": "sha512-Ua/InO3M/Vvc96XhydkSggKzfipdW3LbwWXDjdhuzB0YM/kTCQR+cXB7ZMwIVOgV/sk7wGmTtKtuOGUxKlhNLA==",
      "dev": true
    }
  }
}
