{
  "name": "@boclips-ui/tooltip",
  "version": "1.0.10",
  "lockfileVersion": 1,
  "requires": true,
  "dependencies": {
    "@boclips-ui/styles": {
      "version": "3.0.1",
      "resolved": "https://registry.npmjs.org/@boclips-ui/styles/-/styles-3.0.1.tgz",
      "integrity": "sha512-Z2QcmH2i1B8/AeNbUz5q3FyYCrjn6lpATjOMGaaz+0om0cYf3OnSfvETWNH1mVB/impeC1nDWv55oBZK4MxtuQ=="
    },
    "@boclips-ui/ts-config": {
      "version": "1.0.14",
      "resolved": "https://registry.npmjs.org/@boclips-ui/ts-config/-/ts-config-1.0.14.tgz",
      "integrity": "sha512-rc/8OB3iZlJh6+/GBGpI4CKY9YZ3lLgW7SbBLPqWCghNuDOWSdovpFbgMFsbwqk8bAN40+UOw9FPiwzefAPk6w==",
      "dev": true
    }
  }
}
