{
  "name": "@boclips-ui/video-card-v3",
  "version": "1.0.10",
  "lockfileVersion": 1,
  "requires": true,
  "dependencies": {
    "@boclips-ui/age-range-badge": {
      "version": "2.0.6",
      "requires": {
        "@boclips-ui/age-range": "^1.0.13",
        "@boclips-ui/badge": "^2.0.6",
        "@boclips-ui/styles": "^2.2.3",
        "@boclips-ui/video": "^2.0.2"
      },
      "dependencies": {
        "@boclips-ui/age-range": {
          "version": "1.0.13",
          "dependencies": {
            "@boclips-ui/ts-config": {}
          }
        },
        "@boclips-ui/badge": {
          "version": "2.0.6",
          "requires": {
            "@boclips-ui/styles": "^2.2.3"
          },
          "dependencies": {
            "@boclips-ui/styles": {
              "version": "2.2.3",
              "dependencies": {
                "@boclips-ui/ts-config": {}
              }
            },
            "@boclips-ui/ts-config": {},
            "classnames": {
              "version": "2.2.6",
              "resolved": "https://registry.npmjs.org/classnames/-/classnames-2.2.6.tgz",
              "integrity": "sha512-JR/iSQOSt+LQIWwrwEzJ9uk0xfN3mTVYMwt1Ir5mUcSN6pU+V4zQFFaJsclJbPuAUQH+yfWef6tm7l1quW3C8Q=="
            }
          }
        },
        "@boclips-ui/link": {
          "version": "1.0.1",
          "resolved": "https://registry.npmjs.org/@boclips-ui/link/-/link-1.0.1.tgz",
          "integrity": "sha512-D96d73jYTqYOUgGi4fZABLqDIvCY3ibViWPauWP9a2yZschPwnY8uGEoMsGhmd97bRkQcMsHCqhfz1Iv2Y3wfw=="
        },
        "@boclips-ui/styles": {
          "version": "2.2.3",
          "dependencies": {
            "@boclips-ui/ts-config": {}
          }
        },
        "@boclips-ui/ts-config": {},
        "@boclips-ui/video": {
          "version": "2.0.2",
          "requires": {
            "@boclips-ui/age-range": "^1.0.13",
            "@boclips-ui/link": "^1.0.14"
          },
          "dependencies": {
            "@boclips-ui/age-range": {
              "version": "1.0.13",
              "dependencies": {
                "@boclips-ui/ts-config": {}
              }
            },
            "@boclips-ui/link": {
              "version": "1.0.14",
              "dependencies": {
                "@boclips-ui/ts-config": {}
              }
            },
            "@boclips-ui/ts-config": {},
            "moment": {
              "version": "2.29.0",
              "resolved": "https://registry.npmjs.org/moment/-/moment-2.29.0.tgz",
              "integrity": "sha512-z6IJ5HXYiuxvFTI6eiQ9dm77uE0gyy1yXNApVHqTcnIKfY9tIwEjlzsZ6u1LQXvVgKeTnv9Xm7NDvJ7lso3MtA=="
            }
          }
        },
        "classnames": {
          "version": "2.2.6",
          "resolved": "https://registry.npmjs.org/classnames/-/classnames-2.2.6.tgz",
          "integrity": "sha512-JR/iSQOSt+LQIWwrwEzJ9uk0xfN3mTVYMwt1Ir5mUcSN6pU+V4zQFFaJsclJbPuAUQH+yfWef6tm7l1quW3C8Q=="
        }
      }
    },
    "@boclips-ui/attachment-badge": {
      "version": "2.0.6",
      "requires": {
        "@boclips-ui/badge": "^2.0.6",
        "@boclips-ui/styles": "^2.2.3"
      },
      "dependencies": {
        "@boclips-ui/badge": {
          "version": "2.0.6",
          "requires": {
            "@boclips-ui/styles": "^2.2.3"
          },
          "dependencies": {
            "@boclips-ui/styles": {
              "version": "2.2.3",
              "dependencies": {}
            },
            "@boclips-ui/ts-config": {},
            "classnames": {
              "version": "2.2.6",
              "resolved": "https://registry.npmjs.org/classnames/-/classnames-2.2.6.tgz",
              "integrity": "sha512-JR/iSQOSt+LQIWwrwEzJ9uk0xfN3mTVYMwt1Ir5mUcSN6pU+V4zQFFaJsclJbPuAUQH+yfWef6tm7l1quW3C8Q=="
            }
          }
        },
        "@boclips-ui/styles": {
          "version": "2.2.3",
          "dependencies": {
            "@boclips-ui/ts-config": {}
          }
        },
        "@boclips-ui/ts-config": {},
        "classnames": {
          "version": "2.2.6",
          "resolved": "https://registry.npmjs.org/classnames/-/classnames-2.2.6.tgz",
          "integrity": "sha512-JR/iSQOSt+LQIWwrwEzJ9uk0xfN3mTVYMwt1Ir5mUcSN6pU+V4zQFFaJsclJbPuAUQH+yfWef6tm7l1quW3C8Q=="
        }
      }
    },
    "@boclips-ui/badge": {
      "version": "2.0.6",
      "requires": {
        "@boclips-ui/styles": "^2.2.3"
      },
      "dependencies": {
        "@boclips-ui/styles": {
          "version": "2.2.3",
          "dependencies": {}
        },
        "@boclips-ui/ts-config": {},
        "classnames": {
          "version": "2.2.6",
          "resolved": "https://registry.npmjs.org/classnames/-/classnames-2.2.6.tgz",
          "integrity": "sha512-JR/iSQOSt+LQIWwrwEzJ9uk0xfN3mTVYMwt1Ir5mUcSN6pU+V4zQFFaJsclJbPuAUQH+yfWef6tm7l1quW3C8Q=="
        }
      }
    },
    "@boclips-ui/content-warning-badge": {
      "version": "1.0.29",
      "requires": {
        "@boclips-ui/styles": "^2.2.3",
        "@boclips-ui/video": "^2.0.2"
      },
      "dependencies": {
        "@boclips-ui/age-range": {
          "version": "1.0.0",
          "resolved": "https://registry.npmjs.org/@boclips-ui/age-range/-/age-range-1.0.0.tgz",
          "integrity": "sha512-BYveSoBZ9Sejg+JxzFM6g41mVl+C0HEV2zh4Zl8ONpH/5jHPHsdUVW6GgSQBTAnRJNLrgIbDQjtrIgZpkYTCLw=="
        },
        "@boclips-ui/link": {
          "version": "1.0.1",
          "resolved": "https://registry.npmjs.org/@boclips-ui/link/-/link-1.0.1.tgz",
          "integrity": "sha512-D96d73jYTqYOUgGi4fZABLqDIvCY3ibViWPauWP9a2yZschPwnY8uGEoMsGhmd97bRkQcMsHCqhfz1Iv2Y3wfw=="
        },
        "@boclips-ui/styles": {
          "version": "2.2.3",
          "dependencies": {
            "@boclips-ui/ts-config": {}
          }
        },
        "@boclips-ui/ts-config": {},
        "@boclips-ui/video": {
          "version": "2.0.2",
          "requires": {
            "@boclips-ui/age-range": "^1.0.13",
            "@boclips-ui/link": "^1.0.14"
          },
          "dependencies": {
            "@boclips-ui/age-range": {
              "version": "1.0.13",
              "dependencies": {}
            },
            "@boclips-ui/link": {
              "version": "1.0.14",
              "dependencies": {}
            },
            "@boclips-ui/ts-config": {},
            "moment": {
              "version": "2.29.0",
              "resolved": "https://registry.npmjs.org/moment/-/moment-2.29.0.tgz",
              "integrity": "sha512-z6IJ5HXYiuxvFTI6eiQ9dm77uE0gyy1yXNApVHqTcnIKfY9tIwEjlzsZ6u1LQXvVgKeTnv9Xm7NDvJ7lso3MtA=="
            }
          }
        },
        "classnames": {
          "version": "2.2.6",
          "resolved": "https://registry.npmjs.org/classnames/-/classnames-2.2.6.tgz",
          "integrity": "sha512-JR/iSQOSt+LQIWwrwEzJ9uk0xfN3mTVYMwt1Ir5mUcSN6pU+V4zQFFaJsclJbPuAUQH+yfWef6tm7l1quW3C8Q=="
        }
      }
    },
    "@boclips-ui/media-breakpoints": {
      "version": "1.0.15",
      "dependencies": {
        "@boclips-ui/ts-config": {}
      }
    },
    "@boclips-ui/provider-badge": {
      "version": "2.0.6",
      "requires": {
        "@boclips-ui/badge": "^2.0.6",
        "@boclips-ui/styles": "^2.2.3"
      },
      "dependencies": {
        "@boclips-ui/badge": {
          "version": "2.0.6",
          "requires": {
            "@boclips-ui/styles": "^2.2.3"
          },
          "dependencies": {
            "@boclips-ui/styles": {
              "version": "2.2.3",
              "dependencies": {}
            },
            "@boclips-ui/ts-config": {},
            "classnames": {
              "version": "2.2.6",
              "resolved": "https://registry.npmjs.org/classnames/-/classnames-2.2.6.tgz",
              "integrity": "sha512-JR/iSQOSt+LQIWwrwEzJ9uk0xfN3mTVYMwt1Ir5mUcSN6pU+V4zQFFaJsclJbPuAUQH+yfWef6tm7l1quW3C8Q=="
            }
          }
        },
        "@boclips-ui/styles": {
          "version": "2.2.3",
          "dependencies": {
            "@boclips-ui/ts-config": {}
          }
        },
        "@boclips-ui/ts-config": {},
        "classnames": {
          "version": "2.2.6",
          "resolved": "https://registry.npmjs.org/classnames/-/classnames-2.2.6.tgz",
          "integrity": "sha512-JR/iSQOSt+LQIWwrwEzJ9uk0xfN3mTVYMwt1Ir5mUcSN6pU+V4zQFFaJsclJbPuAUQH+yfWef6tm7l1quW3C8Q=="
        }
      }
    },
    "@boclips-ui/released-on": {
      "version": "2.0.6",
      "requires": {
        "@boclips-ui/styles": "^2.2.3"
      },
      "dependencies": {
        "@boclips-ui/styles": {
          "version": "2.2.3",
          "dependencies": {
            "@boclips-ui/ts-config": {}
          }
        },
        "@boclips-ui/ts-config": {},
        "classnames": {
          "version": "2.2.6",
          "resolved": "https://registry.npmjs.org/classnames/-/classnames-2.2.6.tgz",
          "integrity": "sha512-JR/iSQOSt+LQIWwrwEzJ9uk0xfN3mTVYMwt1Ir5mUcSN6pU+V4zQFFaJsclJbPuAUQH+yfWef6tm7l1quW3C8Q=="
        }
      }
    },
    "@boclips-ui/styles": {
      "version": "2.2.3",
      "dependencies": {
        "@boclips-ui/ts-config": {}
      }
    },
    "@boclips-ui/subject-badge": {
      "version": "2.0.6",
      "requires": {
        "@boclips-ui/badge": "^2.0.6",
        "@boclips-ui/styles": "^2.2.3"
      },
      "dependencies": {
        "@boclips-ui/badge": {
          "version": "2.0.6",
          "requires": {
            "@boclips-ui/styles": "^2.2.3"
          },
          "dependencies": {
            "@boclips-ui/styles": {
              "version": "2.2.3",
              "dependencies": {}
            },
            "@boclips-ui/ts-config": {},
            "classnames": {
              "version": "2.2.6",
              "resolved": "https://registry.npmjs.org/classnames/-/classnames-2.2.6.tgz",
              "integrity": "sha512-JR/iSQOSt+LQIWwrwEzJ9uk0xfN3mTVYMwt1Ir5mUcSN6pU+V4zQFFaJsclJbPuAUQH+yfWef6tm7l1quW3C8Q=="
            }
          }
        },
        "@boclips-ui/styles": {
          "version": "2.2.3",
          "dependencies": {
            "@boclips-ui/ts-config": {}
          }
        },
        "@boclips-ui/ts-config": {}
      }
    },
    "@boclips-ui/ts-config": {
      "version": "1.0.12",
      "dev": true
    },
    "@boclips-ui/use-media-breakpoints": {
      "version": "1.0.16",
      "requires": {
        "@boclips-ui/media-breakpoints": "^1.0.15"
      },
      "dependencies": {
        "@boclips-ui/media-breakpoints": {
          "version": "1.0.15",
          "dependencies": {
            "@boclips-ui/ts-config": {}
          }
        },
        "@boclips-ui/ts-config": {}
      }
    },
    "@boclips-ui/video": {
      "version": "2.0.2",
      "requires": {
        "@boclips-ui/age-range": "^1.0.13",
        "@boclips-ui/link": "^1.0.14"
      },
      "dependencies": {
        "@boclips-ui/age-range": {
          "version": "1.0.13",
          "dependencies": {}
        },
        "@boclips-ui/link": {
          "version": "1.0.14",
          "dependencies": {}
        },
        "@boclips-ui/ts-config": {},
        "moment": {
          "version": "2.29.0",
          "resolved": "https://registry.npmjs.org/moment/-/moment-2.29.0.tgz",
          "integrity": "sha512-z6IJ5HXYiuxvFTI6eiQ9dm77uE0gyy1yXNApVHqTcnIKfY9tIwEjlzsZ6u1LQXvVgKeTnv9Xm7NDvJ7lso3MtA=="
        }
      }
    }
  }
}
