{
	"name": "@boclips-ui/search-bar",
	"version": "4.0.2",
	"lockfileVersion": 1,
	"requires": true,
	"dependencies": {
		"@boclips-ui/button": {
			"version": "2.4.0",
			"resolved": "https://registry.npmjs.org/@boclips-ui/button/-/button-2.4.0.tgz",
			"integrity": "sha512-5BwgYhugeb7vyEC3Vmg0T84TDSCQVWI0kL44NBNsNFVI3KeRbK1Ly3o3Srw3RkBWROUf8LdQTIukGWbAVMuqng==",
			"requires": {
				"@boclips-ui/styles": "^3.1.0"
			}
		},
		"@boclips-ui/styles": {
			"version": "3.1.0",
			"resolved": "https://registry.npmjs.org/@boclips-ui/styles/-/styles-3.1.0.tgz",
			"integrity": "sha512-cVtTVJsRq3BmK59ANeJtRp691v+3RqjBFH3X3h3FwtPnqzybIEnlPG46H/rI7QyzTSsi4BKhw7H3SHOWT7HUkw=="
		},
		"@boclips-ui/ts-config": {
			"version": "1.0.15",
			"resolved": "https://registry.npmjs.org/@boclips-ui/ts-config/-/ts-config-1.0.15.tgz",
			"integrity": "sha512-Ua/InO3M/Vvc96XhydkSggKzfipdW3LbwWXDjdhuzB0YM/kTCQR+cXB7ZMwIVOgV/sk7wGmTtKtuOGUxKlhNLA==",
			"dev": true
		}
	}
}
