{
  "name": "@boclips-ui/header-with-logo",
  "version": "2.0.0",
  "lockfileVersion": 1,
  "requires": true,
  "dependencies": {
    "@boclips-ui/styles": {
      "version": "1.0.4",
      "resolved": "https://registry.npmjs.org/@boclips-ui/styles/-/styles-1.0.4.tgz",
      "integrity": "sha512-1Y4f8osVCbor3PiHFZ7qs0Lc3urTAUqJg4qbkJfYjnjVBizoBBmsMIEfu8sAdpJUEH0n0iI7mQiHVWkFbVXldw=="
    },
    "@boclips-ui/ts-config": {
      "version": "1.0.0",
      "resolved": "https://registry.npmjs.org/@boclips-ui/ts-config/-/ts-config-1.0.0.tgz",
      "integrity": "sha512-2iTQQj+bTzJakILR3Sq61dVOfhpzFLDGDEr9f3QXzfcD0aUG108NniUoJwS/pROq/W6KkIe0/mDzGui95FEZkg==",
      "dev": true
    },
    "classnames": {
      "version": "2.2.6",
      "resolved": "https://registry.npmjs.org/classnames/-/classnames-2.2.6.tgz",
      "integrity": "sha512-JR/iSQOSt+LQIWwrwEzJ9uk0xfN3mTVYMwt1Ir5mUcSN6pU+V4zQFFaJsclJbPuAUQH+yfWef6tm7l1quW3C8Q=="
    }
  }
}
