{
  "name": "@boclips-ui/user-media-breakpoints",
  "version": "1.0.17",
  "lockfileVersion": 1,
  "requires": true,
  "dependencies": {
    "@boclips-ui/media-breakpoints": {
      "version": "1.0.0",
      "dependencies": {
        "@boclips-ui/ts-config": {}
      }
    },
    "@boclips-ui/ts-config": {
      "version": "1.0.0",
      "dev": true
    }
  }
}
