{
  "name": "@boclips-ui/date-picker",
  "version": "1.0.0",
  "lockfileVersion": 2,
  "requires": true,
  "packages": {
    "": {
      "name": "@boclips-ui/date-picker",
      "version": "0.0.0",
      "license": "SEE LICENSE IN LICENSE",
      "dependencies": {
        "@boclips-ui/styles": "^4.0.2"
      },
      "devDependencies": {
        "@boclips-ui/ts-config": "^1.0.15",
        "@boclips-ui/typography": "^2.3.8"
      },
      "peerDependencies": {
        "@duetds/date-picker": "^1.4.0",
        "classnames": "2.2.6",
        "react": "17.0.2"
      }
    },
    "node_modules/@boclips-ui/media-breakpoints": {
      "version": "2.0.4",
      "resolved": "https://registry.npmjs.org/@boclips-ui/media-breakpoints/-/media-breakpoints-2.0.4.tgz",
      "integrity": "sha512-nyZpB47HIbuYCaIUeO+aKBpALp+caBjX02hTAbz7Im3ow6fyVGa82p2r/DcvzN9nWr4dgtgbEs6dlFPLXxp66w==",
      "dev": true
    },
    "node_modules/@boclips-ui/styles": {
      "version": "4.1.1",
      "resolved": "https://registry.npmjs.org/@boclips-ui/styles/-/styles-4.1.1.tgz",
      "integrity": "sha512-YxUaJgB3/chh/AztlXWpPdws0n+t9ol2Y48zllrQ66DvWCnfIPOxkzKazYArYGUVcd0je+RaSQJ5NgcmSt3jjQ=="
    },
    "node_modules/@boclips-ui/ts-config": {
      "version": "1.0.16",
      "resolved": "https://registry.npmjs.org/@boclips-ui/ts-config/-/ts-config-1.0.16.tgz",
      "integrity": "sha512-wIk1nLn8FX/A29bA3AFh0zkXUIWkZfsHC8o1aVzbHBysKAHdZPazwMwuyGlBjMQJMkJ/ezsrCX3TLGhjBTnUPA==",
      "dev": true,
      "peerDependencies": {
        "typescript": "^3.2.4"
      }
    },
    "node_modules/@boclips-ui/typography": {
      "version": "2.3.8",
      "resolved": "https://registry.npmjs.org/@boclips-ui/typography/-/typography-2.3.8.tgz",
      "integrity": "sha512-MEMkOeXtxYLEyMRLtxMYNMt21SBhuUXi/bwf+gxY4u1sU9zWRjG4kcK0L9tlgGBQMVnG7IEMSjQu2tl0wv52TQ==",
      "dev": true,
      "dependencies": {
        "@boclips-ui/media-breakpoints": "^2.0.4",
        "@boclips-ui/styles": "^4.1.1",
        "@boclips-ui/use-media-breakpoints": "^2.0.7"
      },
      "peerDependencies": {
        "classnames": "2.2.6",
        "react": "17.0.2"
      }
    },
    "node_modules/@boclips-ui/use-media-breakpoints": {
      "version": "2.0.7",
      "resolved": "https://registry.npmjs.org/@boclips-ui/use-media-breakpoints/-/use-media-breakpoints-2.0.7.tgz",
      "integrity": "sha512-+uLZ9+012DOF/pDYcFhnUs9aX3kmWLnTKduxf4D1taePZ/+clKKKS7+xT4y7G9B8ABYxHV2GmAKNDaysTJg30g==",
      "dev": true,
      "dependencies": {
        "@boclips-ui/media-breakpoints": "^2.0.4"
      },
      "peerDependencies": {
        "react": "17.0.2"
      }
    },
    "node_modules/@duetds/date-picker": {
      "version": "1.4.0",
      "resolved": "https://registry.npmjs.org/@duetds/date-picker/-/date-picker-1.4.0.tgz",
      "integrity": "sha512-jx4oSIrZAVsXYLyQGXbEmuo0gEXAqrNIGp3rG8L03XSxFFFca/bTpCj5v6yd48vVWOtAXD8y04S/+flOimra0A==",
      "peer": true,
      "dependencies": {
        "@stencil/core": "^2.3.0"
      },
      "engines": {
        "node": ">= 12.17.0",
        "npm": ">= 6.14.0"
      }
    },
    "node_modules/@stencil/core": {
      "version": "2.17.3",
      "resolved": "https://registry.npmjs.org/@stencil/core/-/core-2.17.3.tgz",
      "integrity": "sha512-qw2DZzOpyaltLLEfYRTj3n+XbvRtkmv4QQimYDJubC6jMY0NXK9r6H2+VyszdbbVmvK1D9GqZtyvY0NmOrztsg==",
      "peer": true,
      "bin": {
        "stencil": "bin/stencil"
      },
      "engines": {
        "node": ">=12.10.0",
        "npm": ">=6.0.0"
      }
    },
    "node_modules/classnames": {
      "version": "2.2.6",
      "resolved": "https://registry.npmjs.org/classnames/-/classnames-2.2.6.tgz",
      "integrity": "sha512-JR/iSQOSt+LQIWwrwEzJ9uk0xfN3mTVYMwt1Ir5mUcSN6pU+V4zQFFaJsclJbPuAUQH+yfWef6tm7l1quW3C8Q==",
      "peer": true
    },
    "node_modules/js-tokens": {
      "version": "4.0.0",
      "resolved": "https://registry.npmjs.org/js-tokens/-/js-tokens-4.0.0.tgz",
      "integrity": "sha512-RdJUflcE3cUzKiMqQgsCu06FPu9UdIJO0beYbPhHN4k6apgJtifcoCtT9bcxOpYBtpD2kCM6Sbzg4CausW/PKQ==",
      "peer": true
    },
    "node_modules/loose-envify": {
      "version": "1.4.0",
      "resolved": "https://registry.npmjs.org/loose-envify/-/loose-envify-1.4.0.tgz",
      "integrity": "sha512-lyuxPGr/Wfhrlem2CL/UcnUc1zcqKAImBDzukY7Y5F/yQiNdko6+fRLevlw1HgMySw7f611UIY408EtxRSoK3Q==",
      "peer": true,
      "dependencies": {
        "js-tokens": "^3.0.0 || ^4.0.0"
      },
      "bin": {
        "loose-envify": "cli.js"
      }
    },
    "node_modules/object-assign": {
      "version": "4.1.1",
      "resolved": "https://registry.npmjs.org/object-assign/-/object-assign-4.1.1.tgz",
      "integrity": "sha512-rJgTQnkUnH1sFw8yT6VSU3zD3sWmu6sZhIseY8VX+GRu3P6F7Fu+JNDoXfklElbLJSnc3FUQHVe4cU5hj+BcUg==",
      "peer": true,
      "engines": {
        "node": ">=0.10.0"
      }
    },
    "node_modules/react": {
      "version": "17.0.2",
      "resolved": "https://registry.npmjs.org/react/-/react-17.0.2.tgz",
      "integrity": "sha512-gnhPt75i/dq/z3/6q/0asP78D0u592D5L1pd7M8P+dck6Fu/jJeL6iVVK23fptSUZj8Vjf++7wXA8UNclGQcbA==",
      "peer": true,
      "dependencies": {
        "loose-envify": "^1.1.0",
        "object-assign": "^4.1.1"
      },
      "engines": {
        "node": ">=0.10.0"
      }
    },
    "node_modules/typescript": {
      "version": "3.9.10",
      "resolved": "https://registry.npmjs.org/typescript/-/typescript-3.9.10.tgz",
      "integrity": "sha512-w6fIxVE/H1PkLKcCPsFqKE7Kv7QUwhU8qQY2MueZXWx5cPZdwFupLgKK3vntcK98BtNHZtAF4LA/yl2a7k8R6Q==",
      "dev": true,
      "peer": true,
      "bin": {
        "tsc": "bin/tsc",
        "tsserver": "bin/tsserver"
      },
      "engines": {
        "node": ">=4.2.0"
      }
    }
  },
  "dependencies": {
    "@boclips-ui/media-breakpoints": {
      "version": "2.0.4",
      "resolved": "https://registry.npmjs.org/@boclips-ui/media-breakpoints/-/media-breakpoints-2.0.4.tgz",
      "integrity": "sha512-nyZpB47HIbuYCaIUeO+aKBpALp+caBjX02hTAbz7Im3ow6fyVGa82p2r/DcvzN9nWr4dgtgbEs6dlFPLXxp66w==",
      "dev": true
    },
    "@boclips-ui/styles": {
      "version": "4.1.1",
      "resolved": "https://registry.npmjs.org/@boclips-ui/styles/-/styles-4.1.1.tgz",
      "integrity": "sha512-YxUaJgB3/chh/AztlXWpPdws0n+t9ol2Y48zllrQ66DvWCnfIPOxkzKazYArYGUVcd0je+RaSQJ5NgcmSt3jjQ=="
    },
    "@boclips-ui/ts-config": {
      "version": "1.0.16",
      "resolved": "https://registry.npmjs.org/@boclips-ui/ts-config/-/ts-config-1.0.16.tgz",
      "integrity": "sha512-wIk1nLn8FX/A29bA3AFh0zkXUIWkZfsHC8o1aVzbHBysKAHdZPazwMwuyGlBjMQJMkJ/ezsrCX3TLGhjBTnUPA==",
      "dev": true,
      "requires": {}
    },
    "@boclips-ui/typography": {
      "version": "2.3.8",
      "resolved": "https://registry.npmjs.org/@boclips-ui/typography/-/typography-2.3.8.tgz",
      "integrity": "sha512-MEMkOeXtxYLEyMRLtxMYNMt21SBhuUXi/bwf+gxY4u1sU9zWRjG4kcK0L9tlgGBQMVnG7IEMSjQu2tl0wv52TQ==",
      "dev": true,
      "requires": {
        "@boclips-ui/media-breakpoints": "^2.0.4",
        "@boclips-ui/styles": "^4.1.1",
        "@boclips-ui/use-media-breakpoints": "^2.0.7"
      }
    },
    "@boclips-ui/use-media-breakpoints": {
      "version": "2.0.7",
      "resolved": "https://registry.npmjs.org/@boclips-ui/use-media-breakpoints/-/use-media-breakpoints-2.0.7.tgz",
      "integrity": "sha512-+uLZ9+012DOF/pDYcFhnUs9aX3kmWLnTKduxf4D1taePZ/+clKKKS7+xT4y7G9B8ABYxHV2GmAKNDaysTJg30g==",
      "dev": true,
      "requires": {
        "@boclips-ui/media-breakpoints": "^2.0.4"
      }
    },
    "@duetds/date-picker": {
      "version": "1.4.0",
      "resolved": "https://registry.npmjs.org/@duetds/date-picker/-/date-picker-1.4.0.tgz",
      "integrity": "sha512-jx4oSIrZAVsXYLyQGXbEmuo0gEXAqrNIGp3rG8L03XSxFFFca/bTpCj5v6yd48vVWOtAXD8y04S/+flOimra0A==",
      "peer": true,
      "requires": {
        "@stencil/core": "^2.3.0"
      }
    },
    "@stencil/core": {
      "version": "2.17.3",
      "resolved": "https://registry.npmjs.org/@stencil/core/-/core-2.17.3.tgz",
      "integrity": "sha512-qw2DZzOpyaltLLEfYRTj3n+XbvRtkmv4QQimYDJubC6jMY0NXK9r6H2+VyszdbbVmvK1D9GqZtyvY0NmOrztsg==",
      "peer": true
    },
    "classnames": {
      "version": "2.2.6",
      "resolved": "https://registry.npmjs.org/classnames/-/classnames-2.2.6.tgz",
      "integrity": "sha512-JR/iSQOSt+LQIWwrwEzJ9uk0xfN3mTVYMwt1Ir5mUcSN6pU+V4zQFFaJsclJbPuAUQH+yfWef6tm7l1quW3C8Q==",
      "peer": true
    },
    "js-tokens": {
      "version": "4.0.0",
      "resolved": "https://registry.npmjs.org/js-tokens/-/js-tokens-4.0.0.tgz",
      "integrity": "sha512-RdJUflcE3cUzKiMqQgsCu06FPu9UdIJO0beYbPhHN4k6apgJtifcoCtT9bcxOpYBtpD2kCM6Sbzg4CausW/PKQ==",
      "peer": true
    },
    "loose-envify": {
      "version": "1.4.0",
      "resolved": "https://registry.npmjs.org/loose-envify/-/loose-envify-1.4.0.tgz",
      "integrity": "sha512-lyuxPGr/Wfhrlem2CL/UcnUc1zcqKAImBDzukY7Y5F/yQiNdko6+fRLevlw1HgMySw7f611UIY408EtxRSoK3Q==",
      "peer": true,
      "requires": {
        "js-tokens": "^3.0.0 || ^4.0.0"
      }
    },
    "object-assign": {
      "version": "4.1.1",
      "resolved": "https://registry.npmjs.org/object-assign/-/object-assign-4.1.1.tgz",
      "integrity": "sha512-rJgTQnkUnH1sFw8yT6VSU3zD3sWmu6sZhIseY8VX+GRu3P6F7Fu+JNDoXfklElbLJSnc3FUQHVe4cU5hj+BcUg==",
      "peer": true
    },
    "react": {
      "version": "17.0.2",
      "resolved": "https://registry.npmjs.org/react/-/react-17.0.2.tgz",
      "integrity": "sha512-gnhPt75i/dq/z3/6q/0asP78D0u592D5L1pd7M8P+dck6Fu/jJeL6iVVK23fptSUZj8Vjf++7wXA8UNclGQcbA==",
      "peer": true,
      "requires": {
        "loose-envify": "^1.1.0",
        "object-assign": "^4.1.1"
      }
    },
    "typescript": {
      "version": "3.9.10",
      "resolved": "https://registry.npmjs.org/typescript/-/typescript-3.9.10.tgz",
      "integrity": "sha512-w6fIxVE/H1PkLKcCPsFqKE7Kv7QUwhU8qQY2MueZXWx5cPZdwFupLgKK3vntcK98BtNHZtAF4LA/yl2a7k8R6Q==",
      "dev": true,
      "peer": true
    }
  }
}
