{
  "name": "@boclips-ui/video-card-placeholder",
  "version": "2.0.2",
  "lockfileVersion": 1,
  "requires": true,
  "dependencies": {
    "@boclips-ui/styles": {
      "version": "2.1.4",
      "resolved": "https://registry.npmjs.org/@boclips-ui/styles/-/styles-2.1.4.tgz",
      "integrity": "sha512-OXe6ZYvQAavdl2CDvh2MUeUrlG8Kz6MgYdAkMVT1GBz47i9uNu7Y4B1XnbekGAxlk2sAJHjgeHcAb9kPs6FAgw=="
    },
    "@boclips-ui/ts-config": {
      "version": "1.0.6",
      "resolved": "https://registry.npmjs.org/@boclips-ui/ts-config/-/ts-config-1.0.6.tgz",
      "integrity": "sha512-RwZldhrS487d8QXF1cu/H1jHRKbxG2xBgEkRysKJ2EqP40992rRHkTbk55RCX1MDXivNbWexDg9Xl4RY5290Jw==",
      "dev": true
    }
  }
}
